
Microsoft Visual Studio Solution File, Format Version 12.00
# Visual Studio Version 16
VisualStudioVersion = 16.0.29613.14
MinimumVisualStudioVersion = 10.0.40219.1
Project("{2150E333-8FDC-42A3-9474-1A3956D46DE8}") = "UnitTest", "UnitTest", "{EE25A0E2-6199-4E90-8E50-14251441F4BD}"
EndProject
Project("{2150E333-8FDC-42A3-9474-1A3956D46DE8}") = "Web", "Web", "{18799C23-F7DD-4E2B-959A-35C3823D9C1E}"
EndProject
Project("{9A19103F-16F7-4668-BE54-9A1E7A4F7556}") = "UMSS.Web.IntegratedWebApi", "Web\UMSS.Web.IntegratedWebApi\UMSS.Web.IntegratedWebApi.csproj", "{55518519-4606-466B-967B-243226BFB8C2}"
EndProject
Project("{9A19103F-16F7-4668-BE54-9A1E7A4F7556}") = "UMSS.UnitTest.IntegratedUnitTest", "UnitTest\UMSS.UnitTest.IntegratedUnitTest\UMSS.UnitTest.IntegratedUnitTest.csproj", "{01F31341-D450-4F52-B971-B3B3EEC37D54}"
EndProject
Project("{2150E333-8FDC-42A3-9474-1A3956D46DE8}") = "Generic", "Generic", "{01FC120E-A3A9-4819-BB38-6B93997D5183}"
EndProject
Project("{9A19103F-16F7-4668-BE54-9A1E7A4F7556}") = "UMSS.Generic.Common", "Generic\UMSS.Generic.Common\UMSS.Generic.Common.csproj", "{5228DCA2-7B0C-4267-8D14-1D511EC1A9BE}"
EndProject
Project("{9A19103F-16F7-4668-BE54-9A1E7A4F7556}") = "UMSS.Generic.Service", "Generic\UMSS.Generic.Service\UMSS.Generic.Service.csproj", "{108048D4-214E-4223-85BD-E55AF73DFE8E}"
EndProject
Project("{9A19103F-16F7-4668-BE54-9A1E7A4F7556}") = "UMSS.Generic.Repository", "Generic\UMSS.Generic.Repository\UMSS.Generic.Repository.csproj", "{46336187-450A-49DB-BB34-D85D36DA9D65}"
EndProject
Project("{2150E333-8FDC-42A3-9474-1A3956D46DE8}") = "Music", "Music", "{7C8944EF-F005-4291-B47F-5DE3259FF9BF}"
EndProject
Project("{9A19103F-16F7-4668-BE54-9A1E7A4F7556}") = "UMSS.Music.Entity", "Music\UMSS.Music.Entity\UMSS.Music.Entity.csproj", "{9B59AEED-E691-46EA-96AD-545C6DD2AF20}"
EndProject
Project("{9A19103F-16F7-4668-BE54-9A1E7A4F7556}") = "UMSS.Music.Model", "Music\UMSS.Music.Model\UMSS.Music.Model.csproj", "{A6777C47-898F-43C9-9D64-6E1EAC5D347A}"
EndProject
Project("{FAE04EC0-301F-11D3-BF4B-00C04F79EFBC}") = "UMSS.Music.DataService", "Music\UMSS.Music.DataService\UMSS.Music.DataService.csproj", "{51D4E9EA-4D74-47AD-8A0F-F066DC8A6F4E}"
EndProject
Project("{FAE04EC0-301F-11D3-BF4B-00C04F79EFBC}") = "UMSS.Music.MapperService", "Music\UMSS.Music.MapperService\UMSS.Music.MapperService.csproj", "{E710F728-C9B2-4E61-A8E9-5E71476AB651}"
EndProject
Project("{FAE04EC0-301F-11D3-BF4B-00C04F79EFBC}") = "UMSS.Music.Business", "Music\UMSS.Music.Business\UMSS.Music.Business.csproj", "{4A640AC6-F758-4CB2-A35A-3EA9F549F090}"
EndProject
Project("{FAE04EC0-301F-11D3-BF4B-00C04F79EFBC}") = "UMSS.Music.DataAccess", "Music\UMSS.Music.DataAccess\UMSS.Music.DataAccess.csproj", "{111A53D0-782B-4B05-AE91-88FF0957382C}"
EndProject
Global
	GlobalSection(SolutionConfigurationPlatforms) = preSolution
		Debug|Any CPU = Debug|Any CPU
		Release|Any CPU = Release|Any CPU
	EndGlobalSection
	GlobalSection(ProjectConfigurationPlatforms) = postSolution
		{55518519-4606-466B-967B-243226BFB8C2}.Debug|Any CPU.ActiveCfg = Debug|Any CPU
		{55518519-4606-466B-967B-243226BFB8C2}.Debug|Any CPU.Build.0 = Debug|Any CPU
		{55518519-4606-466B-967B-243226BFB8C2}.Release|Any CPU.ActiveCfg = Release|Any CPU
		{55518519-4606-466B-967B-243226BFB8C2}.Release|Any CPU.Build.0 = Release|Any CPU
		{01F31341-D450-4F52-B971-B3B3EEC37D54}.Debug|Any CPU.ActiveCfg = Debug|Any CPU
		{01F31341-D450-4F52-B971-B3B3EEC37D54}.Debug|Any CPU.Build.0 = Debug|Any CPU
		{01F31341-D450-4F52-B971-B3B3EEC37D54}.Release|Any CPU.ActiveCfg = Release|Any CPU
		{01F31341-D450-4F52-B971-B3B3EEC37D54}.Release|Any CPU.Build.0 = Release|Any CPU
		{5228DCA2-7B0C-4267-8D14-1D511EC1A9BE}.Debug|Any CPU.ActiveCfg = Debug|Any CPU
		{5228DCA2-7B0C-4267-8D14-1D511EC1A9BE}.Debug|Any CPU.Build.0 = Debug|Any CPU
		{5228DCA2-7B0C-4267-8D14-1D511EC1A9BE}.Release|Any CPU.ActiveCfg = Release|Any CPU
		{5228DCA2-7B0C-4267-8D14-1D511EC1A9BE}.Release|Any CPU.Build.0 = Release|Any CPU
		{108048D4-214E-4223-85BD-E55AF73DFE8E}.Debug|Any CPU.ActiveCfg = Debug|Any CPU
		{108048D4-214E-4223-85BD-E55AF73DFE8E}.Debug|Any CPU.Build.0 = Debug|Any CPU
		{108048D4-214E-4223-85BD-E55AF73DFE8E}.Release|Any CPU.ActiveCfg = Release|Any CPU
		{108048D4-214E-4223-85BD-E55AF73DFE8E}.Release|Any CPU.Build.0 = Release|Any CPU
		{46336187-450A-49DB-BB34-D85D36DA9D65}.Debug|Any CPU.ActiveCfg = Debug|Any CPU
		{46336187-450A-49DB-BB34-D85D36DA9D65}.Debug|Any CPU.Build.0 = Debug|Any CPU
		{46336187-450A-49DB-BB34-D85D36DA9D65}.Release|Any CPU.ActiveCfg = Release|Any CPU
		{46336187-450A-49DB-BB34-D85D36DA9D65}.Release|Any CPU.Build.0 = Release|Any CPU
		{9B59AEED-E691-46EA-96AD-545C6DD2AF20}.Debug|Any CPU.ActiveCfg = Debug|Any CPU
		{9B59AEED-E691-46EA-96AD-545C6DD2AF20}.Debug|Any CPU.Build.0 = Debug|Any CPU
		{9B59AEED-E691-46EA-96AD-545C6DD2AF20}.Release|Any CPU.ActiveCfg = Release|Any CPU
		{9B59AEED-E691-46EA-96AD-545C6DD2AF20}.Release|Any CPU.Build.0 = Release|Any CPU
		{A6777C47-898F-43C9-9D64-6E1EAC5D347A}.Debug|Any CPU.ActiveCfg = Debug|Any CPU
		{A6777C47-898F-43C9-9D64-6E1EAC5D347A}.Debug|Any CPU.Build.0 = Debug|Any CPU
		{A6777C47-898F-43C9-9D64-6E1EAC5D347A}.Release|Any CPU.ActiveCfg = Release|Any CPU
		{A6777C47-898F-43C9-9D64-6E1EAC5D347A}.Release|Any CPU.Build.0 = Release|Any CPU
		{51D4E9EA-4D74-47AD-8A0F-F066DC8A6F4E}.Debug|Any CPU.ActiveCfg = Debug|Any CPU
		{51D4E9EA-4D74-47AD-8A0F-F066DC8A6F4E}.Debug|Any CPU.Build.0 = Debug|Any CPU
		{51D4E9EA-4D74-47AD-8A0F-F066DC8A6F4E}.Release|Any CPU.ActiveCfg = Release|Any CPU
		{51D4E9EA-4D74-47AD-8A0F-F066DC8A6F4E}.Release|Any CPU.Build.0 = Release|Any CPU
		{E710F728-C9B2-4E61-A8E9-5E71476AB651}.Debug|Any CPU.ActiveCfg = Debug|Any CPU
		{E710F728-C9B2-4E61-A8E9-5E71476AB651}.Debug|Any CPU.Build.0 = Debug|Any CPU
		{E710F728-C9B2-4E61-A8E9-5E71476AB651}.Release|Any CPU.ActiveCfg = Release|Any CPU
		{E710F728-C9B2-4E61-A8E9-5E71476AB651}.Release|Any CPU.Build.0 = Release|Any CPU
		{4A640AC6-F758-4CB2-A35A-3EA9F549F090}.Debug|Any CPU.ActiveCfg = Debug|Any CPU
		{4A640AC6-F758-4CB2-A35A-3EA9F549F090}.Debug|Any CPU.Build.0 = Debug|Any CPU
		{4A640AC6-F758-4CB2-A35A-3EA9F549F090}.Release|Any CPU.ActiveCfg = Release|Any CPU
		{4A640AC6-F758-4CB2-A35A-3EA9F549F090}.Release|Any CPU.Build.0 = Release|Any CPU
		{111A53D0-782B-4B05-AE91-88FF0957382C}.Debug|Any CPU.ActiveCfg = Debug|Any CPU
		{111A53D0-782B-4B05-AE91-88FF0957382C}.Debug|Any CPU.Build.0 = Debug|Any CPU
		{111A53D0-782B-4B05-AE91-88FF0957382C}.Release|Any CPU.ActiveCfg = Release|Any CPU
		{111A53D0-782B-4B05-AE91-88FF0957382C}.Release|Any CPU.Build.0 = Release|Any CPU
	EndGlobalSection
	GlobalSection(SolutionProperties) = preSolution
		HideSolutionNode = FALSE
	EndGlobalSection
	GlobalSection(NestedProjects) = preSolution
		{55518519-4606-466B-967B-243226BFB8C2} = {18799C23-F7DD-4E2B-959A-35C3823D9C1E}
		{01F31341-D450-4F52-B971-B3B3EEC37D54} = {EE25A0E2-6199-4E90-8E50-14251441F4BD}
		{5228DCA2-7B0C-4267-8D14-1D511EC1A9BE} = {01FC120E-A3A9-4819-BB38-6B93997D5183}
		{108048D4-214E-4223-85BD-E55AF73DFE8E} = {01FC120E-A3A9-4819-BB38-6B93997D5183}
		{46336187-450A-49DB-BB34-D85D36DA9D65} = {01FC120E-A3A9-4819-BB38-6B93997D5183}
		{9B59AEED-E691-46EA-96AD-545C6DD2AF20} = {7C8944EF-F005-4291-B47F-5DE3259FF9BF}
		{A6777C47-898F-43C9-9D64-6E1EAC5D347A} = {7C8944EF-F005-4291-B47F-5DE3259FF9BF}
		{51D4E9EA-4D74-47AD-8A0F-F066DC8A6F4E} = {7C8944EF-F005-4291-B47F-5DE3259FF9BF}
		{E710F728-C9B2-4E61-A8E9-5E71476AB651} = {7C8944EF-F005-4291-B47F-5DE3259FF9BF}
		{4A640AC6-F758-4CB2-A35A-3EA9F549F090} = {7C8944EF-F005-4291-B47F-5DE3259FF9BF}
		{111A53D0-782B-4B05-AE91-88FF0957382C} = {7C8944EF-F005-4291-B47F-5DE3259FF9BF}
	EndGlobalSection
	GlobalSection(ExtensibilityGlobals) = postSolution
		SolutionGuid = {EC7E260B-8660-4ABF-9270-F06F8107EA6D}
	EndGlobalSection
EndGlobal
