
Microsoft Visual Studio Solution File, Format Version 12.00
# Visual Studio Version 16
VisualStudioVersion = 16.0.29613.14
MinimumVisualStudioVersion = 10.0.40219.1
Project("{2150E333-8FDC-42A3-9474-1A3956D46DE8}") = "Core", "Core", "{67D5A12F-51B3-4675-8D87-E1DF6E27E114}"
EndProject
Project("{2150E333-8FDC-42A3-9474-1A3956D46DE8}") = "UnitTest", "UnitTest", "{EE25A0E2-6199-4E90-8E50-14251441F4BD}"
EndProject
Project("{2150E333-8FDC-42A3-9474-1A3956D46DE8}") = "Web", "Web", "{18799C23-F7DD-4E2B-959A-35C3823D9C1E}"
EndProject
Project("{9A19103F-16F7-4668-BE54-9A1E7A4F7556}") = "UMSS.Web.IntegratedWebApi", "Web\UMSS.Web.IntegratedWebApi\UMSS.Web.IntegratedWebApi.csproj", "{55518519-4606-466B-967B-243226BFB8C2}"
EndProject
Project("{9A19103F-16F7-4668-BE54-9A1E7A4F7556}") = "UMSS.UnitTest.IntegratedUnitTest", "UnitTest\UMSS.UnitTest.IntegratedUnitTest\UMSS.UnitTest.IntegratedUnitTest.csproj", "{01F31341-D450-4F52-B971-B3B3EEC37D54}"
EndProject
Project("{FAE04EC0-301F-11D3-BF4B-00C04F79EFBC}") = "UMSS.Core.Generic.Business", "Core\UMSS.Core.Generic.Business\UMSS.Core.Generic.Business.csproj", "{BC3D226C-59F6-4BE7-9D87-DA6B0B9D5959}"
EndProject
Project("{FAE04EC0-301F-11D3-BF4B-00C04F79EFBC}") = "UMSS.Core.Generic.Common", "Core\UMSS.Core.Generic.Common\UMSS.Core.Generic.Common.csproj", "{0057E6CF-33D8-4812-A740-2EAF3D6E1802}"
EndProject
Project("{FAE04EC0-301F-11D3-BF4B-00C04F79EFBC}") = "UMSS.Core.Generic.DataAccess", "Core\UMSS.Core.Generic.DataAccess\UMSS.Core.Generic.DataAccess.csproj", "{591DB4C7-128E-4ACF-9DD2-0AD5B22CCCB5}"
EndProject
Global
	GlobalSection(SolutionConfigurationPlatforms) = preSolution
		Debug|Any CPU = Debug|Any CPU
		Release|Any CPU = Release|Any CPU
	EndGlobalSection
	GlobalSection(ProjectConfigurationPlatforms) = postSolution
		{55518519-4606-466B-967B-243226BFB8C2}.Debug|Any CPU.ActiveCfg = Debug|Any CPU
		{55518519-4606-466B-967B-243226BFB8C2}.Debug|Any CPU.Build.0 = Debug|Any CPU
		{55518519-4606-466B-967B-243226BFB8C2}.Release|Any CPU.ActiveCfg = Release|Any CPU
		{55518519-4606-466B-967B-243226BFB8C2}.Release|Any CPU.Build.0 = Release|Any CPU
		{01F31341-D450-4F52-B971-B3B3EEC37D54}.Debug|Any CPU.ActiveCfg = Debug|Any CPU
		{01F31341-D450-4F52-B971-B3B3EEC37D54}.Debug|Any CPU.Build.0 = Debug|Any CPU
		{01F31341-D450-4F52-B971-B3B3EEC37D54}.Release|Any CPU.ActiveCfg = Release|Any CPU
		{01F31341-D450-4F52-B971-B3B3EEC37D54}.Release|Any CPU.Build.0 = Release|Any CPU
		{BC3D226C-59F6-4BE7-9D87-DA6B0B9D5959}.Debug|Any CPU.ActiveCfg = Debug|Any CPU
		{BC3D226C-59F6-4BE7-9D87-DA6B0B9D5959}.Debug|Any CPU.Build.0 = Debug|Any CPU
		{BC3D226C-59F6-4BE7-9D87-DA6B0B9D5959}.Release|Any CPU.ActiveCfg = Release|Any CPU
		{BC3D226C-59F6-4BE7-9D87-DA6B0B9D5959}.Release|Any CPU.Build.0 = Release|Any CPU
		{0057E6CF-33D8-4812-A740-2EAF3D6E1802}.Debug|Any CPU.ActiveCfg = Debug|Any CPU
		{0057E6CF-33D8-4812-A740-2EAF3D6E1802}.Debug|Any CPU.Build.0 = Debug|Any CPU
		{0057E6CF-33D8-4812-A740-2EAF3D6E1802}.Release|Any CPU.ActiveCfg = Release|Any CPU
		{0057E6CF-33D8-4812-A740-2EAF3D6E1802}.Release|Any CPU.Build.0 = Release|Any CPU
		{591DB4C7-128E-4ACF-9DD2-0AD5B22CCCB5}.Debug|Any CPU.ActiveCfg = Debug|Any CPU
		{591DB4C7-128E-4ACF-9DD2-0AD5B22CCCB5}.Debug|Any CPU.Build.0 = Debug|Any CPU
		{591DB4C7-128E-4ACF-9DD2-0AD5B22CCCB5}.Release|Any CPU.ActiveCfg = Release|Any CPU
		{591DB4C7-128E-4ACF-9DD2-0AD5B22CCCB5}.Release|Any CPU.Build.0 = Release|Any CPU
	EndGlobalSection
	GlobalSection(SolutionProperties) = preSolution
		HideSolutionNode = FALSE
	EndGlobalSection
	GlobalSection(NestedProjects) = preSolution
		{55518519-4606-466B-967B-243226BFB8C2} = {18799C23-F7DD-4E2B-959A-35C3823D9C1E}
		{01F31341-D450-4F52-B971-B3B3EEC37D54} = {EE25A0E2-6199-4E90-8E50-14251441F4BD}
		{BC3D226C-59F6-4BE7-9D87-DA6B0B9D5959} = {67D5A12F-51B3-4675-8D87-E1DF6E27E114}
		{0057E6CF-33D8-4812-A740-2EAF3D6E1802} = {67D5A12F-51B3-4675-8D87-E1DF6E27E114}
		{591DB4C7-128E-4ACF-9DD2-0AD5B22CCCB5} = {67D5A12F-51B3-4675-8D87-E1DF6E27E114}
	EndGlobalSection
	GlobalSection(ExtensibilityGlobals) = postSolution
		SolutionGuid = {EC7E260B-8660-4ABF-9270-F06F8107EA6D}
	EndGlobalSection
EndGlobal
